
Microsoft Visual Studio Solution File, Format Version 12.00
# Visual Studio 2015
Project("{FAE04EC0-301F-11D3-BF4B-00C04F79EFBC}") = "Poggeychew.CSharp.Plugins", "Poggeychew.CSharp.Plugins.csproj", "{5A23F51D-C866-9CAE-D0BB-FBC95E508D7F}"
EndProject
Project("{FAE04EC0-301F-11D3-BF4B-00C04F79EFBC}") = "Poggeychew.CSharp", "Poggeychew.CSharp.csproj", "{55FB6854-E82F-649C-CE18-C6670F1306A5}"
EndProject
Project("{FAE04EC0-301F-11D3-BF4B-00C04F79EFBC}") = "Poggeychew.CSharp.Editor", "Poggeychew.CSharp.Editor.csproj", "{F8C8BA8D-5E1E-E720-D3A1-F50779159E4D}"
EndProject
Global
	GlobalSection(SolutionConfigurationPlatforms) = preSolution
		Debug|Any CPU = Debug|Any CPU
		Release|Any CPU = Release|Any CPU
	EndGlobalSection
	GlobalSection(ProjectConfigurationPlatforms) = postSolution
		{5A23F51D-C866-9CAE-D0BB-FBC95E508D7F}.Debug|Any CPU.ActiveCfg = Debug|Any CPU
		{5A23F51D-C866-9CAE-D0BB-FBC95E508D7F}.Debug|Any CPU.Build.0 = Debug|Any CPU
		{5A23F51D-C866-9CAE-D0BB-FBC95E508D7F}.Release|Any CPU.ActiveCfg = Release|Any CPU
		{5A23F51D-C866-9CAE-D0BB-FBC95E508D7F}.Release|Any CPU.Build.0 = Release|Any CPU
		{55FB6854-E82F-649C-CE18-C6670F1306A5}.Debug|Any CPU.ActiveCfg = Debug|Any CPU
		{55FB6854-E82F-649C-CE18-C6670F1306A5}.Debug|Any CPU.Build.0 = Debug|Any CPU
		{55FB6854-E82F-649C-CE18-C6670F1306A5}.Release|Any CPU.ActiveCfg = Release|Any CPU
		{55FB6854-E82F-649C-CE18-C6670F1306A5}.Release|Any CPU.Build.0 = Release|Any CPU
		{F8C8BA8D-5E1E-E720-D3A1-F50779159E4D}.Debug|Any CPU.ActiveCfg = Debug|Any CPU
		{F8C8BA8D-5E1E-E720-D3A1-F50779159E4D}.Debug|Any CPU.Build.0 = Debug|Any CPU
		{F8C8BA8D-5E1E-E720-D3A1-F50779159E4D}.Release|Any CPU.ActiveCfg = Release|Any CPU
		{F8C8BA8D-5E1E-E720-D3A1-F50779159E4D}.Release|Any CPU.Build.0 = Release|Any CPU
	EndGlobalSection
	GlobalSection(SolutionProperties) = preSolution
		HideSolutionNode = FALSE
	EndGlobalSection
EndGlobal
